
Microsoft Visual Studio Solution File, Format Version 12.00
# Visual Studio Version 17
VisualStudioVersion = 17.8.34316.72
MinimumVisualStudioVersion = 10.0.40219.1
Project("{9A19103F-16F7-4668-BE54-9A1E7A4F7556}") = "Laba 3 TA", "Laba 3 TA.csproj", "{B008A846-CD1D-498B-A89C-BAF7C6FA3610}"
EndProject
Global
	GlobalSection(SolutionConfigurationPlatforms) = preSolution
		Debug|Any CPU = Debug|Any CPU
		Release|Any CPU = Release|Any CPU
	EndGlobalSection
	GlobalSection(ProjectConfigurationPlatforms) = postSolution
		{B008A846-CD1D-498B-A89C-BAF7C6FA3610}.Debug|Any CPU.ActiveCfg = Debug|Any CPU
		{B008A846-CD1D-498B-A89C-BAF7C6FA3610}.Debug|Any CPU.Build.0 = Debug|Any CPU
		{B008A846-CD1D-498B-A89C-BAF7C6FA3610}.Release|Any CPU.ActiveCfg = Release|Any CPU
		{B008A846-CD1D-498B-A89C-BAF7C6FA3610}.Release|Any CPU.Build.0 = Release|Any CPU
	EndGlobalSection
	GlobalSection(SolutionProperties) = preSolution
		HideSolutionNode = FALSE
	EndGlobalSection
	GlobalSection(ExtensibilityGlobals) = postSolution
		SolutionGuid = {AD5AFD5D-6AA0-4D5E-B233-DCF2EF1746F5}
	EndGlobalSection
EndGlobal
