
Microsoft Visual Studio Solution File, Format Version 12.00
# Visual Studio Version 17
VisualStudioVersion = 17.8.34316.72
MinimumVisualStudioVersion = 10.0.40219.1
Project("{FAE04EC0-301F-11D3-BF4B-00C04F79EFBC}") = "ConsoleApp1", "ConsoleApp1\ConsoleApp1.csproj", "{920570E4-7361-4B4A-8398-8A83898AAABD}"
EndProject
Project("{FAE04EC0-301F-11D3-BF4B-00C04F79EFBC}") = "ConsoleApp2", "ConsoleApp2\ConsoleApp2.csproj", "{A05CE6A2-85DA-44FD-9EF5-1AC75B9F7C71}"
EndProject
Global
	GlobalSection(SolutionConfigurationPlatforms) = preSolution
		Debug|Any CPU = Debug|Any CPU
		Release|Any CPU = Release|Any CPU
	EndGlobalSection
	GlobalSection(ProjectConfigurationPlatforms) = postSolution
		{920570E4-7361-4B4A-8398-8A83898AAABD}.Debug|Any CPU.ActiveCfg = Debug|Any CPU
		{920570E4-7361-4B4A-8398-8A83898AAABD}.Debug|Any CPU.Build.0 = Debug|Any CPU
		{920570E4-7361-4B4A-8398-8A83898AAABD}.Release|Any CPU.ActiveCfg = Release|Any CPU
		{920570E4-7361-4B4A-8398-8A83898AAABD}.Release|Any CPU.Build.0 = Release|Any CPU
		{A05CE6A2-85DA-44FD-9EF5-1AC75B9F7C71}.Debug|Any CPU.ActiveCfg = Debug|Any CPU
		{A05CE6A2-85DA-44FD-9EF5-1AC75B9F7C71}.Debug|Any CPU.Build.0 = Debug|Any CPU
		{A05CE6A2-85DA-44FD-9EF5-1AC75B9F7C71}.Release|Any CPU.ActiveCfg = Release|Any CPU
		{A05CE6A2-85DA-44FD-9EF5-1AC75B9F7C71}.Release|Any CPU.Build.0 = Release|Any CPU
	EndGlobalSection
	GlobalSection(SolutionProperties) = preSolution
		HideSolutionNode = FALSE
	EndGlobalSection
	GlobalSection(ExtensibilityGlobals) = postSolution
		SolutionGuid = {35F9544B-2E94-4E02-892E-3297BE4698CB}
	EndGlobalSection
EndGlobal
